
Microsoft Visual Studio Solution File, Format Version 12.00
# Visual Studio Version 17
VisualStudioVersion = 17.0.31903.59
MinimumVisualStudioVersion = 10.0.40219.1
Project("{2150E333-8FDC-42A3-9474-1A3956D46DE8}") = "src", "src", "{AEE6BB9A-48A7-4252-9070-5C400A4AC6DF}"
EndProject
Project("{2150E333-8FDC-42A3-9474-1A3956D46DE8}") = "BuildingBlocks", "BuildingBlocks", "{8745C79B-1350-47E6-AEDF-7F41210E5C6C}"
EndProject
Project("{FAE04EC0-301F-11D3-BF4B-00C04F79EFBC}") = "TradeFlow.Common", "src\BuildingBlocks\TradeFlow.Common\TradeFlow.Common.csproj", "{F473CD0D-73E6-4454-BAD7-D634B70CA3C7}"
EndProject
Project("{FAE04EC0-301F-11D3-BF4B-00C04F79EFBC}") = "TradeFlow.MessageContracts", "src\BuildingBlocks\TradeFlow.MessageContracts\TradeFlow.MessageContracts.csproj", "{0EC212A9-AE8C-414D-B5D3-5E08ABA675DD}"
EndProject
Project("{2150E333-8FDC-42A3-9474-1A3956D46DE8}") = "Gateway", "Gateway", "{6030AF6F-398A-4D7E-98AA-4EF1511DCFC2}"
EndProject
Project("{FAE04EC0-301F-11D3-BF4B-00C04F79EFBC}") = "TradeFlow.Gateway", "src\Gateway\TradeFlow.Gateway\TradeFlow.Gateway.csproj", "{4116C07C-97C1-4890-A630-00021F2E0110}"
EndProject
Project("{2150E333-8FDC-42A3-9474-1A3956D46DE8}") = "Services", "Services", "{BD751874-A3E0-4253-B838-3D396B96638D}"
EndProject
Project("{2150E333-8FDC-42A3-9474-1A3956D46DE8}") = "Identity", "Identity", "{7841A627-C4C7-4E8E-83D4-82A8657BA701}"
EndProject
Project("{FAE04EC0-301F-11D3-BF4B-00C04F79EFBC}") = "TradeFlow.Identity.API", "src\Services\Identity\TradeFlow.Identity.API\TradeFlow.Identity.API.csproj", "{D62E506D-185C-4005-9CCD-D92EB48AC0DD}"
EndProject
Project("{FAE04EC0-301F-11D3-BF4B-00C04F79EFBC}") = "TradeFlow.Identity.Application", "src\Services\Identity\TradeFlow.Identity.Application\TradeFlow.Identity.Application.csproj", "{D14C77D4-79AA-4F98-9A92-468E2339D768}"
EndProject
Project("{FAE04EC0-301F-11D3-BF4B-00C04F79EFBC}") = "TradeFlow.Identity.Domain", "src\Services\Identity\TradeFlow.Identity.Domain\TradeFlow.Identity.Domain.csproj", "{4E334892-4680-4DD7-95D5-116C4EE21867}"
EndProject
Project("{FAE04EC0-301F-11D3-BF4B-00C04F79EFBC}") = "TradeFlow.Identity.Infrastructure", "src\Services\Identity\TradeFlow.Identity.Infrastructure\TradeFlow.Identity.Infrastructure.csproj", "{7B9762D1-CBEC-438D-A331-5F80BBA8FADB}"
EndProject
Project("{2150E333-8FDC-42A3-9474-1A3956D46DE8}") = "Market", "Market", "{3F54233E-2452-49EB-81AF-369EEE42F247}"
EndProject
Project("{FAE04EC0-301F-11D3-BF4B-00C04F79EFBC}") = "TradeFlow.Market.API", "src\Services\Market\TradeFlow.Market.API\TradeFlow.Market.API.csproj", "{5E9F50B7-9DE8-4071-A8C1-DB3F8B337638}"
EndProject
Project("{FAE04EC0-301F-11D3-BF4B-00C04F79EFBC}") = "TradeFlow.Market.Application", "src\Services\Market\TradeFlow.Market.Application\TradeFlow.Market.Application.csproj", "{8A60F95B-3780-4382-BA02-A26030CF7C48}"
EndProject
Project("{FAE04EC0-301F-11D3-BF4B-00C04F79EFBC}") = "TradeFlow.Market.Domain", "src\Services\Market\TradeFlow.Market.Domain\TradeFlow.Market.Domain.csproj", "{3ACCD1FE-8EAA-44DE-9CDC-CDA559E9837F}"
EndProject
Project("{FAE04EC0-301F-11D3-BF4B-00C04F79EFBC}") = "TradeFlow.Market.Infrastructure", "src\Services\Market\TradeFlow.Market.Infrastructure\TradeFlow.Market.Infrastructure.csproj", "{51EA22EF-1DA9-435A-A6E2-B313B16C3293}"
EndProject
Project("{2150E333-8FDC-42A3-9474-1A3956D46DE8}") = "Portfolio", "Portfolio", "{3FCA42D1-D308-4AC8-90B6-9CF1181238AB}"
EndProject
Project("{FAE04EC0-301F-11D3-BF4B-00C04F79EFBC}") = "TradeFlow.Portfolio.API", "src\Services\Portfolio\TradeFlow.Portfolio.API\TradeFlow.Portfolio.API.csproj", "{C5118A15-CAEC-492A-9367-2468E67CAF50}"
EndProject
Project("{FAE04EC0-301F-11D3-BF4B-00C04F79EFBC}") = "TradeFlow.Portfolio.Application", "src\Services\Portfolio\TradeFlow.Portfolio.Application\TradeFlow.Portfolio.Application.csproj", "{72DDCD68-C322-467F-B56E-E895046FDB2D}"
EndProject
Project("{FAE04EC0-301F-11D3-BF4B-00C04F79EFBC}") = "TradeFlow.Portfolio.Domain", "src\Services\Portfolio\TradeFlow.Portfolio.Domain\TradeFlow.Portfolio.Domain.csproj", "{7A852E77-28C7-4C58-932C-3968AA128360}"
EndProject
Project("{FAE04EC0-301F-11D3-BF4B-00C04F79EFBC}") = "TradeFlow.Portfolio.Infrastructure", "src\Services\Portfolio\TradeFlow.Portfolio.Infrastructure\TradeFlow.Portfolio.Infrastructure.csproj", "{88BD7850-7A23-41E4-B070-E9B0E93F15A7}"
EndProject
Project("{2150E333-8FDC-42A3-9474-1A3956D46DE8}") = "Social", "Social", "{24817A65-0C29-4249-B2D2-E8CB57B8701B}"
EndProject
Project("{FAE04EC0-301F-11D3-BF4B-00C04F79EFBC}") = "TradeFlow.Social.API", "src\Services\Social\TradeFlow.Social.API\TradeFlow.Social.API.csproj", "{2B71F9F8-2914-4F8F-9E1D-C4076E1A2E85}"
EndProject
Project("{FAE04EC0-301F-11D3-BF4B-00C04F79EFBC}") = "TradeFlow.Social.Application", "src\Services\Social\TradeFlow.Social.Application\TradeFlow.Social.Application.csproj", "{E41872AC-A06B-47AF-ABA7-9AB7816EC9B0}"
EndProject
Project("{FAE04EC0-301F-11D3-BF4B-00C04F79EFBC}") = "TradeFlow.Social.Domain", "src\Services\Social\TradeFlow.Social.Domain\TradeFlow.Social.Domain.csproj", "{F6231A27-513D-4012-9B36-9DB1DBA821DD}"
EndProject
Project("{FAE04EC0-301F-11D3-BF4B-00C04F79EFBC}") = "TradeFlow.Social.Infrastructure", "src\Services\Social\TradeFlow.Social.Infrastructure\TradeFlow.Social.Infrastructure.csproj", "{EA88EED5-B5F1-4082-817E-1EC694FAC60E}"
EndProject
Project("{2150E333-8FDC-42A3-9474-1A3956D46DE8}") = "tests", "tests", "{D23B0CE3-834F-4489-986C-114CBFEE0F72}"
EndProject
Project("{FAE04EC0-301F-11D3-BF4B-00C04F79EFBC}") = "TradeFlow.Identity.Tests", "tests\TradeFlow.Identity.Tests\TradeFlow.Identity.Tests.csproj", "{DE405FEB-C7DF-45CD-A13B-19D16CAE8A9B}"
EndProject
Project("{FAE04EC0-301F-11D3-BF4B-00C04F79EFBC}") = "TradeFlow.Market.Tests", "tests\TradeFlow.Market.Tests\TradeFlow.Market.Tests.csproj", "{360A5D45-319A-4710-B0B7-E8788415B19D}"
EndProject
Project("{FAE04EC0-301F-11D3-BF4B-00C04F79EFBC}") = "TradeFlow.Portfolio.Tests", "tests\TradeFlow.Portfolio.Tests\TradeFlow.Portfolio.Tests.csproj", "{FC211C1E-2DF1-4AD9-BD0D-04D6A840E904}"
EndProject
Project("{FAE04EC0-301F-11D3-BF4B-00C04F79EFBC}") = "TradeFlow.Social.Tests", "tests\TradeFlow.Social.Tests\TradeFlow.Social.Tests.csproj", "{4E27DFBB-E77B-484F-96E8-EEC20040A0D2}"
EndProject
Global
	GlobalSection(SolutionConfigurationPlatforms) = preSolution
		Debug|Any CPU = Debug|Any CPU
		Release|Any CPU = Release|Any CPU
	EndGlobalSection
	GlobalSection(SolutionProperties) = preSolution
		HideSolutionNode = FALSE
	EndGlobalSection
	GlobalSection(ProjectConfigurationPlatforms) = postSolution
		{F473CD0D-73E6-4454-BAD7-D634B70CA3C7}.Debug|Any CPU.ActiveCfg = Debug|Any CPU
		{F473CD0D-73E6-4454-BAD7-D634B70CA3C7}.Debug|Any CPU.Build.0 = Debug|Any CPU
		{F473CD0D-73E6-4454-BAD7-D634B70CA3C7}.Release|Any CPU.ActiveCfg = Release|Any CPU
		{F473CD0D-73E6-4454-BAD7-D634B70CA3C7}.Release|Any CPU.Build.0 = Release|Any CPU
		{0EC212A9-AE8C-414D-B5D3-5E08ABA675DD}.Debug|Any CPU.ActiveCfg = Debug|Any CPU
		{0EC212A9-AE8C-414D-B5D3-5E08ABA675DD}.Debug|Any CPU.Build.0 = Debug|Any CPU
		{0EC212A9-AE8C-414D-B5D3-5E08ABA675DD}.Release|Any CPU.ActiveCfg = Release|Any CPU
		{0EC212A9-AE8C-414D-B5D3-5E08ABA675DD}.Release|Any CPU.Build.0 = Release|Any CPU
		{4116C07C-97C1-4890-A630-00021F2E0110}.Debug|Any CPU.ActiveCfg = Debug|Any CPU
		{4116C07C-97C1-4890-A630-00021F2E0110}.Debug|Any CPU.Build.0 = Debug|Any CPU
		{4116C07C-97C1-4890-A630-00021F2E0110}.Release|Any CPU.ActiveCfg = Release|Any CPU
		{4116C07C-97C1-4890-A630-00021F2E0110}.Release|Any CPU.Build.0 = Release|Any CPU
		{D62E506D-185C-4005-9CCD-D92EB48AC0DD}.Debug|Any CPU.ActiveCfg = Debug|Any CPU
		{D62E506D-185C-4005-9CCD-D92EB48AC0DD}.Debug|Any CPU.Build.0 = Debug|Any CPU
		{D62E506D-185C-4005-9CCD-D92EB48AC0DD}.Release|Any CPU.ActiveCfg = Release|Any CPU
		{D62E506D-185C-4005-9CCD-D92EB48AC0DD}.Release|Any CPU.Build.0 = Release|Any CPU
		{D14C77D4-79AA-4F98-9A92-468E2339D768}.Debug|Any CPU.ActiveCfg = Debug|Any CPU
		{D14C77D4-79AA-4F98-9A92-468E2339D768}.Debug|Any CPU.Build.0 = Debug|Any CPU
		{D14C77D4-79AA-4F98-9A92-468E2339D768}.Release|Any CPU.ActiveCfg = Release|Any CPU
		{D14C77D4-79AA-4F98-9A92-468E2339D768}.Release|Any CPU.Build.0 = Release|Any CPU
		{4E334892-4680-4DD7-95D5-116C4EE21867}.Debug|Any CPU.ActiveCfg = Debug|Any CPU
		{4E334892-4680-4DD7-95D5-116C4EE21867}.Debug|Any CPU.Build.0 = Debug|Any CPU
		{4E334892-4680-4DD7-95D5-116C4EE21867}.Release|Any CPU.ActiveCfg = Release|Any CPU
		{4E334892-4680-4DD7-95D5-116C4EE21867}.Release|Any CPU.Build.0 = Release|Any CPU
		{7B9762D1-CBEC-438D-A331-5F80BBA8FADB}.Debug|Any CPU.ActiveCfg = Debug|Any CPU
		{7B9762D1-CBEC-438D-A331-5F80BBA8FADB}.Debug|Any CPU.Build.0 = Debug|Any CPU
		{7B9762D1-CBEC-438D-A331-5F80BBA8FADB}.Release|Any CPU.ActiveCfg = Release|Any CPU
		{7B9762D1-CBEC-438D-A331-5F80BBA8FADB}.Release|Any CPU.Build.0 = Release|Any CPU
		{5E9F50B7-9DE8-4071-A8C1-DB3F8B337638}.Debug|Any CPU.ActiveCfg = Debug|Any CPU
		{5E9F50B7-9DE8-4071-A8C1-DB3F8B337638}.Debug|Any CPU.Build.0 = Debug|Any CPU
		{5E9F50B7-9DE8-4071-A8C1-DB3F8B337638}.Release|Any CPU.ActiveCfg = Release|Any CPU
		{5E9F50B7-9DE8-4071-A8C1-DB3F8B337638}.Release|Any CPU.Build.0 = Release|Any CPU
		{8A60F95B-3780-4382-BA02-A26030CF7C48}.Debug|Any CPU.ActiveCfg = Debug|Any CPU
		{8A60F95B-3780-4382-BA02-A26030CF7C48}.Debug|Any CPU.Build.0 = Debug|Any CPU
		{8A60F95B-3780-4382-BA02-A26030CF7C48}.Release|Any CPU.ActiveCfg = Release|Any CPU
		{8A60F95B-3780-4382-BA02-A26030CF7C48}.Release|Any CPU.Build.0 = Release|Any CPU
		{3ACCD1FE-8EAA-44DE-9CDC-CDA559E9837F}.Debug|Any CPU.ActiveCfg = Debug|Any CPU
		{3ACCD1FE-8EAA-44DE-9CDC-CDA559E9837F}.Debug|Any CPU.Build.0 = Debug|Any CPU
		{3ACCD1FE-8EAA-44DE-9CDC-CDA559E9837F}.Release|Any CPU.ActiveCfg = Release|Any CPU
		{3ACCD1FE-8EAA-44DE-9CDC-CDA559E9837F}.Release|Any CPU.Build.0 = Release|Any CPU
		{51EA22EF-1DA9-435A-A6E2-B313B16C3293}.Debug|Any CPU.ActiveCfg = Debug|Any CPU
		{51EA22EF-1DA9-435A-A6E2-B313B16C3293}.Debug|Any CPU.Build.0 = Debug|Any CPU
		{51EA22EF-1DA9-435A-A6E2-B313B16C3293}.Release|Any CPU.ActiveCfg = Release|Any CPU
		{51EA22EF-1DA9-435A-A6E2-B313B16C3293}.Release|Any CPU.Build.0 = Release|Any CPU
		{C5118A15-CAEC-492A-9367-2468E67CAF50}.Debug|Any CPU.ActiveCfg = Debug|Any CPU
		{C5118A15-CAEC-492A-9367-2468E67CAF50}.Debug|Any CPU.Build.0 = Debug|Any CPU
		{C5118A15-CAEC-492A-9367-2468E67CAF50}.Release|Any CPU.ActiveCfg = Release|Any CPU
		{C5118A15-CAEC-492A-9367-2468E67CAF50}.Release|Any CPU.Build.0 = Release|Any CPU
		{72DDCD68-C322-467F-B56E-E895046FDB2D}.Debug|Any CPU.ActiveCfg = Debug|Any CPU
		{72DDCD68-C322-467F-B56E-E895046FDB2D}.Debug|Any CPU.Build.0 = Debug|Any CPU
		{72DDCD68-C322-467F-B56E-E895046FDB2D}.Release|Any CPU.ActiveCfg = Release|Any CPU
		{72DDCD68-C322-467F-B56E-E895046FDB2D}.Release|Any CPU.Build.0 = Release|Any CPU
		{7A852E77-28C7-4C58-932C-3968AA128360}.Debug|Any CPU.ActiveCfg = Debug|Any CPU
		{7A852E77-28C7-4C58-932C-3968AA128360}.Debug|Any CPU.Build.0 = Debug|Any CPU
		{7A852E77-28C7-4C58-932C-3968AA128360}.Release|Any CPU.ActiveCfg = Release|Any CPU
		{7A852E77-28C7-4C58-932C-3968AA128360}.Release|Any CPU.Build.0 = Release|Any CPU
		{88BD7850-7A23-41E4-B070-E9B0E93F15A7}.Debug|Any CPU.ActiveCfg = Debug|Any CPU
		{88BD7850-7A23-41E4-B070-E9B0E93F15A7}.Debug|Any CPU.Build.0 = Debug|Any CPU
		{88BD7850-7A23-41E4-B070-E9B0E93F15A7}.Release|Any CPU.ActiveCfg = Release|Any CPU
		{88BD7850-7A23-41E4-B070-E9B0E93F15A7}.Release|Any CPU.Build.0 = Release|Any CPU
		{2B71F9F8-2914-4F8F-9E1D-C4076E1A2E85}.Debug|Any CPU.ActiveCfg = Debug|Any CPU
		{2B71F9F8-2914-4F8F-9E1D-C4076E1A2E85}.Debug|Any CPU.Build.0 = Debug|Any CPU
		{2B71F9F8-2914-4F8F-9E1D-C4076E1A2E85}.Release|Any CPU.ActiveCfg = Release|Any CPU
		{2B71F9F8-2914-4F8F-9E1D-C4076E1A2E85}.Release|Any CPU.Build.0 = Release|Any CPU
		{E41872AC-A06B-47AF-ABA7-9AB7816EC9B0}.Debug|Any CPU.ActiveCfg = Debug|Any CPU
		{E41872AC-A06B-47AF-ABA7-9AB7816EC9B0}.Debug|Any CPU.Build.0 = Debug|Any CPU
		{E41872AC-A06B-47AF-ABA7-9AB7816EC9B0}.Release|Any CPU.ActiveCfg = Release|Any CPU
		{E41872AC-A06B-47AF-ABA7-9AB7816EC9B0}.Release|Any CPU.Build.0 = Release|Any CPU
		{F6231A27-513D-4012-9B36-9DB1DBA821DD}.Debug|Any CPU.ActiveCfg = Debug|Any CPU
		{F6231A27-513D-4012-9B36-9DB1DBA821DD}.Debug|Any CPU.Build.0 = Debug|Any CPU
		{F6231A27-513D-4012-9B36-9DB1DBA821DD}.Release|Any CPU.ActiveCfg = Release|Any CPU
		{F6231A27-513D-4012-9B36-9DB1DBA821DD}.Release|Any CPU.Build.0 = Release|Any CPU
		{EA88EED5-B5F1-4082-817E-1EC694FAC60E}.Debug|Any CPU.ActiveCfg = Debug|Any CPU
		{EA88EED5-B5F1-4082-817E-1EC694FAC60E}.Debug|Any CPU.Build.0 = Debug|Any CPU
		{EA88EED5-B5F1-4082-817E-1EC694FAC60E}.Release|Any CPU.ActiveCfg = Release|Any CPU
		{EA88EED5-B5F1-4082-817E-1EC694FAC60E}.Release|Any CPU.Build.0 = Release|Any CPU
		{DE405FEB-C7DF-45CD-A13B-19D16CAE8A9B}.Debug|Any CPU.ActiveCfg = Debug|Any CPU
		{DE405FEB-C7DF-45CD-A13B-19D16CAE8A9B}.Debug|Any CPU.Build.0 = Debug|Any CPU
		{DE405FEB-C7DF-45CD-A13B-19D16CAE8A9B}.Release|Any CPU.ActiveCfg = Release|Any CPU
		{DE405FEB-C7DF-45CD-A13B-19D16CAE8A9B}.Release|Any CPU.Build.0 = Release|Any CPU
		{360A5D45-319A-4710-B0B7-E8788415B19D}.Debug|Any CPU.ActiveCfg = Debug|Any CPU
		{360A5D45-319A-4710-B0B7-E8788415B19D}.Debug|Any CPU.Build.0 = Debug|Any CPU
		{360A5D45-319A-4710-B0B7-E8788415B19D}.Release|Any CPU.ActiveCfg = Release|Any CPU
		{360A5D45-319A-4710-B0B7-E8788415B19D}.Release|Any CPU.Build.0 = Release|Any CPU
		{FC211C1E-2DF1-4AD9-BD0D-04D6A840E904}.Debug|Any CPU.ActiveCfg = Debug|Any CPU
		{FC211C1E-2DF1-4AD9-BD0D-04D6A840E904}.Debug|Any CPU.Build.0 = Debug|Any CPU
		{FC211C1E-2DF1-4AD9-BD0D-04D6A840E904}.Release|Any CPU.ActiveCfg = Release|Any CPU
		{FC211C1E-2DF1-4AD9-BD0D-04D6A840E904}.Release|Any CPU.Build.0 = Release|Any CPU
		{4E27DFBB-E77B-484F-96E8-EEC20040A0D2}.Debug|Any CPU.ActiveCfg = Debug|Any CPU
		{4E27DFBB-E77B-484F-96E8-EEC20040A0D2}.Debug|Any CPU.Build.0 = Debug|Any CPU
		{4E27DFBB-E77B-484F-96E8-EEC20040A0D2}.Release|Any CPU.ActiveCfg = Release|Any CPU
		{4E27DFBB-E77B-484F-96E8-EEC20040A0D2}.Release|Any CPU.Build.0 = Release|Any CPU
	EndGlobalSection
	GlobalSection(NestedProjects) = preSolution
		{8745C79B-1350-47E6-AEDF-7F41210E5C6C} = {AEE6BB9A-48A7-4252-9070-5C400A4AC6DF}
		{F473CD0D-73E6-4454-BAD7-D634B70CA3C7} = {8745C79B-1350-47E6-AEDF-7F41210E5C6C}
		{0EC212A9-AE8C-414D-B5D3-5E08ABA675DD} = {8745C79B-1350-47E6-AEDF-7F41210E5C6C}
		{6030AF6F-398A-4D7E-98AA-4EF1511DCFC2} = {AEE6BB9A-48A7-4252-9070-5C400A4AC6DF}
		{4116C07C-97C1-4890-A630-00021F2E0110} = {6030AF6F-398A-4D7E-98AA-4EF1511DCFC2}
		{BD751874-A3E0-4253-B838-3D396B96638D} = {AEE6BB9A-48A7-4252-9070-5C400A4AC6DF}
		{7841A627-C4C7-4E8E-83D4-82A8657BA701} = {BD751874-A3E0-4253-B838-3D396B96638D}
		{D62E506D-185C-4005-9CCD-D92EB48AC0DD} = {7841A627-C4C7-4E8E-83D4-82A8657BA701}
		{D14C77D4-79AA-4F98-9A92-468E2339D768} = {7841A627-C4C7-4E8E-83D4-82A8657BA701}
		{4E334892-4680-4DD7-95D5-116C4EE21867} = {7841A627-C4C7-4E8E-83D4-82A8657BA701}
		{7B9762D1-CBEC-438D-A331-5F80BBA8FADB} = {7841A627-C4C7-4E8E-83D4-82A8657BA701}
		{3F54233E-2452-49EB-81AF-369EEE42F247} = {BD751874-A3E0-4253-B838-3D396B96638D}
		{5E9F50B7-9DE8-4071-A8C1-DB3F8B337638} = {3F54233E-2452-49EB-81AF-369EEE42F247}
		{8A60F95B-3780-4382-BA02-A26030CF7C48} = {3F54233E-2452-49EB-81AF-369EEE42F247}
		{3ACCD1FE-8EAA-44DE-9CDC-CDA559E9837F} = {3F54233E-2452-49EB-81AF-369EEE42F247}
		{51EA22EF-1DA9-435A-A6E2-B313B16C3293} = {3F54233E-2452-49EB-81AF-369EEE42F247}
		{3FCA42D1-D308-4AC8-90B6-9CF1181238AB} = {BD751874-A3E0-4253-B838-3D396B96638D}
		{C5118A15-CAEC-492A-9367-2468E67CAF50} = {3FCA42D1-D308-4AC8-90B6-9CF1181238AB}
		{72DDCD68-C322-467F-B56E-E895046FDB2D} = {3FCA42D1-D308-4AC8-90B6-9CF1181238AB}
		{7A852E77-28C7-4C58-932C-3968AA128360} = {3FCA42D1-D308-4AC8-90B6-9CF1181238AB}
		{88BD7850-7A23-41E4-B070-E9B0E93F15A7} = {3FCA42D1-D308-4AC8-90B6-9CF1181238AB}
		{24817A65-0C29-4249-B2D2-E8CB57B8701B} = {BD751874-A3E0-4253-B838-3D396B96638D}
		{2B71F9F8-2914-4F8F-9E1D-C4076E1A2E85} = {24817A65-0C29-4249-B2D2-E8CB57B8701B}
		{E41872AC-A06B-47AF-ABA7-9AB7816EC9B0} = {24817A65-0C29-4249-B2D2-E8CB57B8701B}
		{F6231A27-513D-4012-9B36-9DB1DBA821DD} = {24817A65-0C29-4249-B2D2-E8CB57B8701B}
		{EA88EED5-B5F1-4082-817E-1EC694FAC60E} = {24817A65-0C29-4249-B2D2-E8CB57B8701B}
		{DE405FEB-C7DF-45CD-A13B-19D16CAE8A9B} = {D23B0CE3-834F-4489-986C-114CBFEE0F72}
		{360A5D45-319A-4710-B0B7-E8788415B19D} = {D23B0CE3-834F-4489-986C-114CBFEE0F72}
		{FC211C1E-2DF1-4AD9-BD0D-04D6A840E904} = {D23B0CE3-834F-4489-986C-114CBFEE0F72}
		{4E27DFBB-E77B-484F-96E8-EEC20040A0D2} = {D23B0CE3-834F-4489-986C-114CBFEE0F72}
	EndGlobalSection
EndGlobal
